
Microsoft Visual Studio Solution File, Format Version 12.00
# Visual Studio Version 17
VisualStudioVersion = 17.8.34511.84
MinimumVisualStudioVersion = 10.0.40219.1
Project("{9A19103F-16F7-4668-BE54-9A1E7A4F7556}") = "CalculaDesconto", "CalculaDesconto\CalculaDesconto.csproj", "{2DA25248-6CE7-4ECB-A8B3-40F96FFA6E8B}"
EndProject
Project("{9A19103F-16F7-4668-BE54-9A1E7A4F7556}") = "Calculadesconto_return", "Calculadesconto_return\Calculadesconto_return.csproj", "{361266A8-DB4A-4F72-A57C-3EA3909BF48B}"
EndProject
Project("{FAE04EC0-301F-11D3-BF4B-00C04F79EFBC}") = "Financiamento do veículo", "Financiamento do veículo\Financiamento do veículo.csproj", "{F22B54BA-6E22-4DC9-BE72-D9A6CD0535CA}"
EndProject
Global
	GlobalSection(SolutionConfigurationPlatforms) = preSolution
		Debug|Any CPU = Debug|Any CPU
		Release|Any CPU = Release|Any CPU
	EndGlobalSection
	GlobalSection(ProjectConfigurationPlatforms) = postSolution
		{2DA25248-6CE7-4ECB-A8B3-40F96FFA6E8B}.Debug|Any CPU.ActiveCfg = Debug|Any CPU
		{2DA25248-6CE7-4ECB-A8B3-40F96FFA6E8B}.Debug|Any CPU.Build.0 = Debug|Any CPU
		{2DA25248-6CE7-4ECB-A8B3-40F96FFA6E8B}.Release|Any CPU.ActiveCfg = Release|Any CPU
		{2DA25248-6CE7-4ECB-A8B3-40F96FFA6E8B}.Release|Any CPU.Build.0 = Release|Any CPU
		{361266A8-DB4A-4F72-A57C-3EA3909BF48B}.Debug|Any CPU.ActiveCfg = Debug|Any CPU
		{361266A8-DB4A-4F72-A57C-3EA3909BF48B}.Debug|Any CPU.Build.0 = Debug|Any CPU
		{361266A8-DB4A-4F72-A57C-3EA3909BF48B}.Release|Any CPU.ActiveCfg = Release|Any CPU
		{361266A8-DB4A-4F72-A57C-3EA3909BF48B}.Release|Any CPU.Build.0 = Release|Any CPU
		{F22B54BA-6E22-4DC9-BE72-D9A6CD0535CA}.Debug|Any CPU.ActiveCfg = Debug|Any CPU
		{F22B54BA-6E22-4DC9-BE72-D9A6CD0535CA}.Debug|Any CPU.Build.0 = Debug|Any CPU
		{F22B54BA-6E22-4DC9-BE72-D9A6CD0535CA}.Release|Any CPU.ActiveCfg = Release|Any CPU
		{F22B54BA-6E22-4DC9-BE72-D9A6CD0535CA}.Release|Any CPU.Build.0 = Release|Any CPU
	EndGlobalSection
	GlobalSection(SolutionProperties) = preSolution
		HideSolutionNode = FALSE
	EndGlobalSection
	GlobalSection(ExtensibilityGlobals) = postSolution
		SolutionGuid = {6F9B5222-DC18-4B00-80E3-9AA374EF3180}
	EndGlobalSection
EndGlobal
